
Microsoft Visual Studio Solution File, Format Version 12.00
# Visual Studio Version 17
VisualStudioVersion = 17.8.34330.188
MinimumVisualStudioVersion = 10.0.40219.1
Project("{9A19103F-16F7-4668-BE54-9A1E7A4F7556}") = "container-back", "container-back\container-back.csproj", "{A552B063-3C1F-4900-88D2-25C3F2D6EE9F}"
EndProject
Project("{9A19103F-16F7-4668-BE54-9A1E7A4F7556}") = "container-front", "container-front\container-front.csproj", "{67A82E90-C6B6-4D65-9413-3B5E99351866}"
EndProject
Global
	GlobalSection(SolutionConfigurationPlatforms) = preSolution
		Debug|Any CPU = Debug|Any CPU
		Release|Any CPU = Release|Any CPU
	EndGlobalSection
	GlobalSection(ProjectConfigurationPlatforms) = postSolution
		{A552B063-3C1F-4900-88D2-25C3F2D6EE9F}.Debug|Any CPU.ActiveCfg = Debug|Any CPU
		{A552B063-3C1F-4900-88D2-25C3F2D6EE9F}.Debug|Any CPU.Build.0 = Debug|Any CPU
		{A552B063-3C1F-4900-88D2-25C3F2D6EE9F}.Release|Any CPU.ActiveCfg = Release|Any CPU
		{A552B063-3C1F-4900-88D2-25C3F2D6EE9F}.Release|Any CPU.Build.0 = Release|Any CPU
		{67A82E90-C6B6-4D65-9413-3B5E99351866}.Debug|Any CPU.ActiveCfg = Debug|Any CPU
		{67A82E90-C6B6-4D65-9413-3B5E99351866}.Debug|Any CPU.Build.0 = Debug|Any CPU
		{67A82E90-C6B6-4D65-9413-3B5E99351866}.Release|Any CPU.ActiveCfg = Release|Any CPU
		{67A82E90-C6B6-4D65-9413-3B5E99351866}.Release|Any CPU.Build.0 = Release|Any CPU
	EndGlobalSection
	GlobalSection(SolutionProperties) = preSolution
		HideSolutionNode = FALSE
	EndGlobalSection
	GlobalSection(ExtensibilityGlobals) = postSolution
		SolutionGuid = {DBA3E871-44BE-473A-985F-BF6F9B789ADF}
	EndGlobalSection
EndGlobal
